
Microsoft Visual Studio Solution File, Format Version 12.00
# Visual Studio 15
VisualStudioVersion = 15.0.28307.136
MinimumVisualStudioVersion = 10.0.40219.1
Project("{FAE04EC0-301F-11D3-BF4B-00C04F79EFBC}") = "SuperheroesProject", "SuperheroesProject\SuperheroesProject.csproj", "{5886DC8D-4B08-44C4-9DD1-D0079D70DE23}"
EndProject
Global
	GlobalSection(SolutionConfigurationPlatforms) = preSolution
		Debug|Any CPU = Debug|Any CPU
		Release|Any CPU = Release|Any CPU
	EndGlobalSection
	GlobalSection(ProjectConfigurationPlatforms) = postSolution
		{5886DC8D-4B08-44C4-9DD1-D0079D70DE23}.Debug|Any CPU.ActiveCfg = Debug|Any CPU
		{5886DC8D-4B08-44C4-9DD1-D0079D70DE23}.Debug|Any CPU.Build.0 = Debug|Any CPU
		{5886DC8D-4B08-44C4-9DD1-D0079D70DE23}.Release|Any CPU.ActiveCfg = Release|Any CPU
		{5886DC8D-4B08-44C4-9DD1-D0079D70DE23}.Release|Any CPU.Build.0 = Release|Any CPU
	EndGlobalSection
	GlobalSection(SolutionProperties) = preSolution
		HideSolutionNode = FALSE
	EndGlobalSection
	GlobalSection(ExtensibilityGlobals) = postSolution
		SolutionGuid = {0505BAF8-D489-4F7D-B0E5-FBF5AC10D88E}
	EndGlobalSection
EndGlobal
